
Microsoft Visual Studio Solution File, Format Version 12.00
# Visual Studio Version 16
VisualStudioVersion = 16.0.31911.196
MinimumVisualStudioVersion = 10.0.40219.1
Project("{9A19103F-16F7-4668-BE54-9A1E7A4F7556}") = "TestMVC", "TestMVC\TestMVC.csproj", "{1471A17F-F679-47A1-83FC-948528A33DCB}"
EndProject
Global
	GlobalSection(SolutionConfigurationPlatforms) = preSolution
		Debug|Any CPU = Debug|Any CPU
		Release|Any CPU = Release|Any CPU
	EndGlobalSection
	GlobalSection(ProjectConfigurationPlatforms) = postSolution
		{1471A17F-F679-47A1-83FC-948528A33DCB}.Debug|Any CPU.ActiveCfg = Debug|Any CPU
		{1471A17F-F679-47A1-83FC-948528A33DCB}.Debug|Any CPU.Build.0 = Debug|Any CPU
		{1471A17F-F679-47A1-83FC-948528A33DCB}.Release|Any CPU.ActiveCfg = Release|Any CPU
		{1471A17F-F679-47A1-83FC-948528A33DCB}.Release|Any CPU.Build.0 = Release|Any CPU
	EndGlobalSection
	GlobalSection(SolutionProperties) = preSolution
		HideSolutionNode = FALSE
	EndGlobalSection
	GlobalSection(ExtensibilityGlobals) = postSolution
		SolutionGuid = {DF01FB0D-BE6E-4742-9B2B-B1EACEE327BB}
	EndGlobalSection
EndGlobal
